
Microsoft Visual Studio Solution File, Format Version 12.00
# Visual Studio Version 17
VisualStudioVersion = 17.7.34031.279
MinimumVisualStudioVersion = 10.0.40219.1
Project("{FAE04EC0-301F-11D3-BF4B-00C04F79EFBC}") = "1.OffroadChallenge", "1.OffroadChallenge\1.OffroadChallenge.csproj", "{B96DAA7F-50BD-42A5-B4BD-AAEA6B3D0454}"
EndProject
Project("{FAE04EC0-301F-11D3-BF4B-00C04F79EFBC}") = "2.FishingCompetition", "2.FishingCompetition\2.FishingCompetition.csproj", "{51B899DA-7EE4-4EEB-B342-E651A447DEFA}"
EndProject
Global
	GlobalSection(SolutionConfigurationPlatforms) = preSolution
		Debug|Any CPU = Debug|Any CPU
		Release|Any CPU = Release|Any CPU
	EndGlobalSection
	GlobalSection(ProjectConfigurationPlatforms) = postSolution
		{B96DAA7F-50BD-42A5-B4BD-AAEA6B3D0454}.Debug|Any CPU.ActiveCfg = Debug|Any CPU
		{B96DAA7F-50BD-42A5-B4BD-AAEA6B3D0454}.Debug|Any CPU.Build.0 = Debug|Any CPU
		{B96DAA7F-50BD-42A5-B4BD-AAEA6B3D0454}.Release|Any CPU.ActiveCfg = Release|Any CPU
		{B96DAA7F-50BD-42A5-B4BD-AAEA6B3D0454}.Release|Any CPU.Build.0 = Release|Any CPU
		{51B899DA-7EE4-4EEB-B342-E651A447DEFA}.Debug|Any CPU.ActiveCfg = Debug|Any CPU
		{51B899DA-7EE4-4EEB-B342-E651A447DEFA}.Debug|Any CPU.Build.0 = Debug|Any CPU
		{51B899DA-7EE4-4EEB-B342-E651A447DEFA}.Release|Any CPU.ActiveCfg = Release|Any CPU
		{51B899DA-7EE4-4EEB-B342-E651A447DEFA}.Release|Any CPU.Build.0 = Release|Any CPU
	EndGlobalSection
	GlobalSection(SolutionProperties) = preSolution
		HideSolutionNode = FALSE
	EndGlobalSection
	GlobalSection(ExtensibilityGlobals) = postSolution
		SolutionGuid = {BFF39824-CD92-40A0-B07C-6092BFFB4CFB}
	EndGlobalSection
EndGlobal
