
Microsoft Visual Studio Solution File, Format Version 12.00
# Visual Studio Version 17
VisualStudioVersion = 17.7.34031.279
MinimumVisualStudioVersion = 10.0.40219.1
Project("{FAE04EC0-301F-11D3-BF4B-00C04F79EFBC}") = "DefiningClasses", "DefiningClasses\DefiningClasses.csproj", "{386D753B-E745-4374-87D4-A9ABA8A59972}"
EndProject
Global
	GlobalSection(SolutionConfigurationPlatforms) = preSolution
		Debug|Any CPU = Debug|Any CPU
		Release|Any CPU = Release|Any CPU
	EndGlobalSection
	GlobalSection(ProjectConfigurationPlatforms) = postSolution
		{386D753B-E745-4374-87D4-A9ABA8A59972}.Debug|Any CPU.ActiveCfg = Debug|Any CPU
		{386D753B-E745-4374-87D4-A9ABA8A59972}.Debug|Any CPU.Build.0 = Debug|Any CPU
		{386D753B-E745-4374-87D4-A9ABA8A59972}.Release|Any CPU.ActiveCfg = Release|Any CPU
		{386D753B-E745-4374-87D4-A9ABA8A59972}.Release|Any CPU.Build.0 = Release|Any CPU
	EndGlobalSection
	GlobalSection(SolutionProperties) = preSolution
		HideSolutionNode = FALSE
	EndGlobalSection
	GlobalSection(ExtensibilityGlobals) = postSolution
		SolutionGuid = {99D579B2-BB26-4636-92FF-68A66119B32C}
	EndGlobalSection
EndGlobal
