
Microsoft Visual Studio Solution File, Format Version 12.00
# Visual Studio Version 17
VisualStudioVersion = 17.7.34031.279
MinimumVisualStudioVersion = 10.0.40219.1
Project("{FAE04EC0-301F-11D3-BF4B-00C04F79EFBC}") = "01.ClimbThePeaks", "01.ClimbThePeaks\01.ClimbThePeaks.csproj", "{D846378D-C1CB-437F-8703-2E01EB7F42F5}"
EndProject
Project("{FAE04EC0-301F-11D3-BF4B-00C04F79EFBC}") = "02.NavyBattle", "02.NavyBattle\02.NavyBattle.csproj", "{24A12384-E881-4360-9FBB-43EB7C838CA4}"
EndProject
Global
	GlobalSection(SolutionConfigurationPlatforms) = preSolution
		Debug|Any CPU = Debug|Any CPU
		Release|Any CPU = Release|Any CPU
	EndGlobalSection
	GlobalSection(ProjectConfigurationPlatforms) = postSolution
		{D846378D-C1CB-437F-8703-2E01EB7F42F5}.Debug|Any CPU.ActiveCfg = Debug|Any CPU
		{D846378D-C1CB-437F-8703-2E01EB7F42F5}.Debug|Any CPU.Build.0 = Debug|Any CPU
		{D846378D-C1CB-437F-8703-2E01EB7F42F5}.Release|Any CPU.ActiveCfg = Release|Any CPU
		{D846378D-C1CB-437F-8703-2E01EB7F42F5}.Release|Any CPU.Build.0 = Release|Any CPU
		{24A12384-E881-4360-9FBB-43EB7C838CA4}.Debug|Any CPU.ActiveCfg = Debug|Any CPU
		{24A12384-E881-4360-9FBB-43EB7C838CA4}.Debug|Any CPU.Build.0 = Debug|Any CPU
		{24A12384-E881-4360-9FBB-43EB7C838CA4}.Release|Any CPU.ActiveCfg = Release|Any CPU
		{24A12384-E881-4360-9FBB-43EB7C838CA4}.Release|Any CPU.Build.0 = Release|Any CPU
	EndGlobalSection
	GlobalSection(SolutionProperties) = preSolution
		HideSolutionNode = FALSE
	EndGlobalSection
	GlobalSection(ExtensibilityGlobals) = postSolution
		SolutionGuid = {764126BF-19A1-45C7-A804-07024E9981F2}
	EndGlobalSection
EndGlobal
