
Microsoft Visual Studio Solution File, Format Version 12.00
# Visual Studio Version 17
VisualStudioVersion = 17.7.34031.279
MinimumVisualStudioVersion = 10.0.40219.1
Project("{FAE04EC0-301F-11D3-BF4B-00C04F79EFBC}") = "1.SortEvenNumbers", "1.SortEvenNumbers\1.SortEvenNumbers.csproj", "{AA6A41A7-252A-49E5-BB7F-BF60B68AD614}"
EndProject
Project("{FAE04EC0-301F-11D3-BF4B-00C04F79EFBC}") = "2.SumNumbers", "2.SumNumbers\2.SumNumbers.csproj", "{421945BA-8773-4EF4-8134-C82831975592}"
EndProject
Project("{FAE04EC0-301F-11D3-BF4B-00C04F79EFBC}") = "3.CountUppercaseWords", "3.CountUppercaseWords\3.CountUppercaseWords.csproj", "{81A1ED4C-9B8C-430A-9D67-3677A50F6ED2}"
EndProject
Project("{FAE04EC0-301F-11D3-BF4B-00C04F79EFBC}") = "4.AddVAT", "4.AddVAT\4.AddVAT.csproj", "{81ABF359-30C6-4916-B9D0-375A1D33DD48}"
EndProject
Project("{FAE04EC0-301F-11D3-BF4B-00C04F79EFBC}") = "05.FilterByAge", "05.FilterByAge\05.FilterByAge.csproj", "{7B192AE0-6512-4AC5-AF44-5431DC05002C}"
EndProject
Global
	GlobalSection(SolutionConfigurationPlatforms) = preSolution
		Debug|Any CPU = Debug|Any CPU
		Release|Any CPU = Release|Any CPU
	EndGlobalSection
	GlobalSection(ProjectConfigurationPlatforms) = postSolution
		{AA6A41A7-252A-49E5-BB7F-BF60B68AD614}.Debug|Any CPU.ActiveCfg = Debug|Any CPU
		{AA6A41A7-252A-49E5-BB7F-BF60B68AD614}.Debug|Any CPU.Build.0 = Debug|Any CPU
		{AA6A41A7-252A-49E5-BB7F-BF60B68AD614}.Release|Any CPU.ActiveCfg = Release|Any CPU
		{AA6A41A7-252A-49E5-BB7F-BF60B68AD614}.Release|Any CPU.Build.0 = Release|Any CPU
		{421945BA-8773-4EF4-8134-C82831975592}.Debug|Any CPU.ActiveCfg = Debug|Any CPU
		{421945BA-8773-4EF4-8134-C82831975592}.Debug|Any CPU.Build.0 = Debug|Any CPU
		{421945BA-8773-4EF4-8134-C82831975592}.Release|Any CPU.ActiveCfg = Release|Any CPU
		{421945BA-8773-4EF4-8134-C82831975592}.Release|Any CPU.Build.0 = Release|Any CPU
		{81A1ED4C-9B8C-430A-9D67-3677A50F6ED2}.Debug|Any CPU.ActiveCfg = Debug|Any CPU
		{81A1ED4C-9B8C-430A-9D67-3677A50F6ED2}.Debug|Any CPU.Build.0 = Debug|Any CPU
		{81A1ED4C-9B8C-430A-9D67-3677A50F6ED2}.Release|Any CPU.ActiveCfg = Release|Any CPU
		{81A1ED4C-9B8C-430A-9D67-3677A50F6ED2}.Release|Any CPU.Build.0 = Release|Any CPU
		{81ABF359-30C6-4916-B9D0-375A1D33DD48}.Debug|Any CPU.ActiveCfg = Debug|Any CPU
		{81ABF359-30C6-4916-B9D0-375A1D33DD48}.Debug|Any CPU.Build.0 = Debug|Any CPU
		{81ABF359-30C6-4916-B9D0-375A1D33DD48}.Release|Any CPU.ActiveCfg = Release|Any CPU
		{81ABF359-30C6-4916-B9D0-375A1D33DD48}.Release|Any CPU.Build.0 = Release|Any CPU
		{7B192AE0-6512-4AC5-AF44-5431DC05002C}.Debug|Any CPU.ActiveCfg = Debug|Any CPU
		{7B192AE0-6512-4AC5-AF44-5431DC05002C}.Debug|Any CPU.Build.0 = Debug|Any CPU
		{7B192AE0-6512-4AC5-AF44-5431DC05002C}.Release|Any CPU.ActiveCfg = Release|Any CPU
		{7B192AE0-6512-4AC5-AF44-5431DC05002C}.Release|Any CPU.Build.0 = Release|Any CPU
	EndGlobalSection
	GlobalSection(SolutionProperties) = preSolution
		HideSolutionNode = FALSE
	EndGlobalSection
	GlobalSection(ExtensibilityGlobals) = postSolution
		SolutionGuid = {ADAA48F9-1ED5-4767-A402-53E4D25E4D04}
	EndGlobalSection
EndGlobal
